// !$*UTF8*$!
{
	archiveVersion = 1;
	classes = {
	};
	objectVersion = 56;
	objects = {

/* Begin PBXBuildFile section */
		E06CA2A029C6FAFB002F3B41 /* MoviesData.swift in Sources */ = {isa = PBXBuildFile; fileRef = E06CA29F29C6FAFB002F3B41 /* MoviesData.swift */; };
		E06CA2A229C827EA002F3B41 /* MoviesManager.swift in Sources */ = {isa = PBXBuildFile; fileRef = E06CA2A129C827EA002F3B41 /* MoviesManager.swift */; };
		E06CA2A429C99871002F3B41 /* Extensions.swift in Sources */ = {isa = PBXBuildFile; fileRef = E06CA2A329C99871002F3B41 /* Extensions.swift */; };
		E0B7507229C0FADC00EEAABE /* HighRatedCollectionViewCell.swift in Sources */ = {isa = PBXBuildFile; fileRef = E0B7507129C0FADC00EEAABE /* HighRatedCollectionViewCell.swift */; };
		E0B7507429C0FC3200EEAABE /* TableViewCell.swift in Sources */ = {isa = PBXBuildFile; fileRef = E0B7507329C0FC3200EEAABE /* TableViewCell.swift */; };
		E0B7507629C1117B00EEAABE /* data.swift in Sources */ = {isa = PBXBuildFile; fileRef = E0B7507529C1117B00EEAABE /* data.swift */; };
		E0B7507829C171C000EEAABE /* DramaTypeTableViewCell.swift in Sources */ = {isa = PBXBuildFile; fileRef = E0B7507729C171C000EEAABE /* DramaTypeTableViewCell.swift */; };
		E0B7507A29C171E900EEAABE /* DramaTypeCollectionViewCell.swift in Sources */ = {isa = PBXBuildFile; fileRef = E0B7507929C171E900EEAABE /* DramaTypeCollectionViewCell.swift */; };
		E0B7507C29C19C5500EEAABE /* TableViewController.swift in Sources */ = {isa = PBXBuildFile; fileRef = E0B7507B29C19C5500EEAABE /* TableViewController.swift */; };
		E0B750C229C6576200EEAABE /* DramaTypeTableViewCell2.swift in Sources */ = {isa = PBXBuildFile; fileRef = E0B750C129C6576200EEAABE /* DramaTypeTableViewCell2.swift */; };
		E0B750C629C657EE00EEAABE /* DramaTypeCollectionViewCell2.swift in Sources */ = {isa = PBXBuildFile; fileRef = E0B750C529C657EE00EEAABE /* DramaTypeCollectionViewCell2.swift */; };
		E0E439FC29BDD8F4004FF567 /* AppDelegate.swift in Sources */ = {isa = PBXBuildFile; fileRef = E0E439FB29BDD8F4004FF567 /* AppDelegate.swift */; };
		E0E439FE29BDD8F4004FF567 /* SceneDelegate.swift in Sources */ = {isa = PBXBuildFile; fileRef = E0E439FD29BDD8F4004FF567 /* SceneDelegate.swift */; };
		E0E43A0029BDD8F4004FF567 /* ViewController.swift in Sources */ = {isa = PBXBuildFile; fileRef = E0E439FF29BDD8F4004FF567 /* ViewController.swift */; };
		E0E43A0329BDD8F4004FF567 /* Main.storyboard in Resources */ = {isa = PBXBuildFile; fileRef = E0E43A0129BDD8F4004FF567 /* Main.storyboard */; };
		E0E43A0529BDD8F5004FF567 /* Assets.xcassets in Resources */ = {isa = PBXBuildFile; fileRef = E0E43A0429BDD8F5004FF567 /* Assets.xcassets */; };
		E0E43A0829BDD8F5004FF567 /* LaunchScreen.storyboard in Resources */ = {isa = PBXBuildFile; fileRef = E0E43A0629BDD8F5004FF567 /* LaunchScreen.storyboard */; };
		E0ECA12929C9F70D007DB2E1 /* MovieDetailsVC.swift in Sources */ = {isa = PBXBuildFile; fileRef = E0ECA12829C9F70D007DB2E1 /* MovieDetailsVC.swift */; };
/* End PBXBuildFile section */

/* Begin PBXFileReference section */
		E06CA29F29C6FAFB002F3B41 /* MoviesData.swift */ = {isa = PBXFileReference; lastKnownFileType = sourcecode.swift; path = MoviesData.swift; sourceTree = "<group>"; };
		E06CA2A129C827EA002F3B41 /* MoviesManager.swift */ = {isa = PBXFileReference; lastKnownFileType = sourcecode.swift; path = MoviesManager.swift; sourceTree = "<group>"; };
		E06CA2A329C99871002F3B41 /* Extensions.swift */ = {isa = PBXFileReference; lastKnownFileType = sourcecode.swift; path = Extensions.swift; sourceTree = "<group>"; };
		E0B7507129C0FADC00EEAABE /* HighRatedCollectionViewCell.swift */ = {isa = PBXFileReference; lastKnownFileType = sourcecode.swift; path = HighRatedCollectionViewCell.swift; sourceTree = "<group>"; };
		E0B7507329C0FC3200EEAABE /* TableViewCell.swift */ = {isa = PBXFileReference; lastKnownFileType = sourcecode.swift; path = TableViewCell.swift; sourceTree = "<group>"; };
		E0B7507529C1117B00EEAABE /* data.swift */ = {isa = PBXFileReference; lastKnownFileType = sourcecode.swift; path = data.swift; sourceTree = "<group>"; };
		E0B7507729C171C000EEAABE /* DramaTypeTableViewCell.swift */ = {isa = PBXFileReference; lastKnownFileType = sourcecode.swift; path = DramaTypeTableViewCell.swift; sourceTree = "<group>"; };
		E0B7507929C171E900EEAABE /* DramaTypeCollectionViewCell.swift */ = {isa = PBXFileReference; lastKnownFileType = sourcecode.swift; path = DramaTypeCollectionViewCell.swift; sourceTree = "<group>"; };
		E0B7507B29C19C5500EEAABE /* TableViewController.swift */ = {isa = PBXFileReference; lastKnownFileType = sourcecode.swift; path = TableViewController.swift; sourceTree = "<group>"; };
		E0B750C129C6576200EEAABE /* DramaTypeTableViewCell2.swift */ = {isa = PBXFileReference; lastKnownFileType = sourcecode.swift; path = DramaTypeTableViewCell2.swift; sourceTree = "<group>"; };
		E0B750C529C657EE00EEAABE /* DramaTypeCollectionViewCell2.swift */ = {isa = PBXFileReference; lastKnownFileType = sourcecode.swift; path = DramaTypeCollectionViewCell2.swift; sourceTree = "<group>"; };
		E0E439F829BDD8F4004FF567 /* MoviesApp.app */ = {isa = PBXFileReference; explicitFileType = wrapper.application; includeInIndex = 0; path = MoviesApp.app; sourceTree = BUILT_PRODUCTS_DIR; };
		E0E439FB29BDD8F4004FF567 /* AppDelegate.swift */ = {isa = PBXFileReference; lastKnownFileType = sourcecode.swift; path = AppDelegate.swift; sourceTree = "<group>"; };
		E0E439FD29BDD8F4004FF567 /* SceneDelegate.swift */ = {isa = PBXFileReference; lastKnownFileType = sourcecode.swift; path = SceneDelegate.swift; sourceTree = "<group>"; };
		E0E439FF29BDD8F4004FF567 /* ViewController.swift */ = {isa = PBXFileReference; lastKnownFileType = sourcecode.swift; path = ViewController.swift; sourceTree = "<group>"; };
		E0E43A0229BDD8F4004FF567 /* Base */ = {isa = PBXFileReference; lastKnownFileType = file.storyboard; name = Base; path = Base.lproj/Main.storyboard; sourceTree = "<group>"; };
		E0E43A0429BDD8F5004FF567 /* Assets.xcassets */ = {isa = PBXFileReference; lastKnownFileType = folder.assetcatalog; path = Assets.xcassets; sourceTree = "<group>"; };
		E0E43A0729BDD8F5004FF567 /* Base */ = {isa = PBXFileReference; lastKnownFileType = file.storyboard; name = Base; path = Base.lproj/LaunchScreen.storyboard; sourceTree = "<group>"; };
		E0E43A0929BDD8F5004FF567 /* Info.plist */ = {isa = PBXFileReference; lastKnownFileType = text.plist.xml; path = Info.plist; sourceTree = "<group>"; };
		E0ECA12829C9F70D007DB2E1 /* MovieDetailsVC.swift */ = {isa = PBXFileReference; lastKnownFileType = sourcecode.swift; path = MovieDetailsVC.swift; sourceTree = "<group>"; };
/* End PBXFileReference section */

/* Begin PBXFrameworksBuildPhase section */
		E0E439F529BDD8F4004FF567 /* Frameworks */ = {
			isa = PBXFrameworksBuildPhase;
			buildActionMask = 2147483647;
			files = (
			);
			runOnlyForDeploymentPostprocessing = 0;
		};
/* End PBXFrameworksBuildPhase section */

/* Begin PBXGroup section */
		E0E439EF29BDD8F4004FF567 = {
			isa = PBXGroup;
			children = (
				E0E439FA29BDD8F4004FF567 /* MoviesApp */,
				E0E439F929BDD8F4004FF567 /* Products */,
			);
			sourceTree = "<group>";
		};
		E0E439F929BDD8F4004FF567 /* Products */ = {
			isa = PBXGroup;
			children = (
				E0E439F829BDD8F4004FF567 /* MoviesApp.app */,
			);
			name = Products;
			sourceTree = "<group>";
		};
		E0E439FA29BDD8F4004FF567 /* MoviesApp */ = {
			isa = PBXGroup;
			children = (
				E0E439FB29BDD8F4004FF567 /* AppDelegate.swift */,
				E0E439FD29BDD8F4004FF567 /* SceneDelegate.swift */,
				E0E439FF29BDD8F4004FF567 /* ViewController.swift */,
				E0B7507529C1117B00EEAABE /* data.swift */,
				E0E43A0129BDD8F4004FF567 /* Main.storyboard */,
				E0ECA12829C9F70D007DB2E1 /* MovieDetailsVC.swift */,
				E06CA29F29C6FAFB002F3B41 /* MoviesData.swift */,
				E06CA2A129C827EA002F3B41 /* MoviesManager.swift */,
				E0B7507729C171C000EEAABE /* DramaTypeTableViewCell.swift */,
				E0B750C129C6576200EEAABE /* DramaTypeTableViewCell2.swift */,
				E0B7507929C171E900EEAABE /* DramaTypeCollectionViewCell.swift */,
				E0B750C529C657EE00EEAABE /* DramaTypeCollectionViewCell2.swift */,
				E0B7507329C0FC3200EEAABE /* TableViewCell.swift */,
				E06CA2A329C99871002F3B41 /* Extensions.swift */,
				E0B7507129C0FADC00EEAABE /* HighRatedCollectionViewCell.swift */,
				E0E43A0429BDD8F5004FF567 /* Assets.xcassets */,
				E0E43A0629BDD8F5004FF567 /* LaunchScreen.storyboard */,
				E0E43A0929BDD8F5004FF567 /* Info.plist */,
				E0B7507B29C19C5500EEAABE /* TableViewController.swift */,
			);
			path = MoviesApp;
			sourceTree = "<group>";
		};
/* End PBXGroup section */

/* Begin PBXNativeTarget section */
		E0E439F729BDD8F4004FF567 /* MoviesApp */ = {
			isa = PBXNativeTarget;
			buildConfigurationList = E0E43A0C29BDD8F5004FF567 /* Build configuration list for PBXNativeTarget "MoviesApp" */;
			buildPhases = (
				E0E439F429BDD8F4004FF567 /* Sources */,
				E0E439F529BDD8F4004FF567 /* Frameworks */,
				E0E439F629BDD8F4004FF567 /* Resources */,
			);
			buildRules = (
			);
			dependencies = (
			);
			name = MoviesApp;
			productName = MoviesApp;
			productReference = E0E439F829BDD8F4004FF567 /* MoviesApp.app */;
			productType = "com.apple.product-type.application";
		};
/* End PBXNativeTarget section */

/* Begin PBXProject section */
		E0E439F029BDD8F4004FF567 /* Project object */ = {
			isa = PBXProject;
			attributes = {
				BuildIndependentTargetsInParallel = 1;
				LastSwiftUpdateCheck = 1420;
				LastUpgradeCheck = 1420;
				TargetAttributes = {
					E0E439F729BDD8F4004FF567 = {
						CreatedOnToolsVersion = 14.2;
					};
				};
			};
			buildConfigurationList = E0E439F329BDD8F4004FF567 /* Build configuration list for PBXProject "MoviesApp" */;
			compatibilityVersion = "Xcode 14.0";
			developmentRegion = en;
			hasScannedForEncodings = 0;
			knownRegions = (
				en,
				Base,
			);
			mainGroup = E0E439EF29BDD8F4004FF567;
			productRefGroup = E0E439F929BDD8F4004FF567 /* Products */;
			projectDirPath = "";
			projectRoot = "";
			targets = (
				E0E439F729BDD8F4004FF567 /* MoviesApp */,
			);
		};
/* End PBXProject section */

/* Begin PBXResourcesBuildPhase section */
		E0E439F629BDD8F4004FF567 /* Resources */ = {
			isa = PBXResourcesBuildPhase;
			buildActionMask = 2147483647;
			files = (
				E0E43A0829BDD8F5004FF567 /* LaunchScreen.storyboard in Resources */,
				E0E43A0529BDD8F5004FF567 /* Assets.xcassets in Resources */,
				E0E43A0329BDD8F4004FF567 /* Main.storyboard in Resources */,
			);
			runOnlyForDeploymentPostprocessing = 0;
		};
/* End PBXResourcesBuildPhase section */

/* Begin PBXSourcesBuildPhase section */
		E0E439F429BDD8F4004FF567 /* Sources */ = {
			isa = PBXSourcesBuildPhase;
			buildActionMask = 2147483647;
			files = (
				E0E43A0029BDD8F4004FF567 /* ViewController.swift in Sources */,
				E0B7507829C171C000EEAABE /* DramaTypeTableViewCell.swift in Sources */,
				E0E439FC29BDD8F4004FF567 /* AppDelegate.swift in Sources */,
				E0B7507C29C19C5500EEAABE /* TableViewController.swift in Sources */,
				E06CA2A029C6FAFB002F3B41 /* MoviesData.swift in Sources */,
				E06CA2A229C827EA002F3B41 /* MoviesManager.swift in Sources */,
				E0E439FE29BDD8F4004FF567 /* SceneDelegate.swift in Sources */,
				E0B7507429C0FC3200EEAABE /* TableViewCell.swift in Sources */,
				E0B750C629C657EE00EEAABE /* DramaTypeCollectionViewCell2.swift in Sources */,
				E0B750C229C6576200EEAABE /* DramaTypeTableViewCell2.swift in Sources */,
				E0B7507629C1117B00EEAABE /* data.swift in Sources */,
				E0B7507229C0FADC00EEAABE /* HighRatedCollectionViewCell.swift in Sources */,
				E0B7507A29C171E900EEAABE /* DramaTypeCollectionViewCell.swift in Sources */,
				E06CA2A429C99871002F3B41 /* Extensions.swift in Sources */,
				E0ECA12929C9F70D007DB2E1 /* MovieDetailsVC.swift in Sources */,
			);
			runOnlyForDeploymentPostprocessing = 0;
		};
/* End PBXSourcesBuildPhase section */

/* Begin PBXVariantGroup section */
		E0E43A0129BDD8F4004FF567 /* Main.storyboard */ = {
			isa = PBXVariantGroup;
			children = (
				E0E43A0229BDD8F4004FF567 /* Base */,
			);
			name = Main.storyboard;
			sourceTree = "<group>";
		};
		E0E43A0629BDD8F5004FF567 /* LaunchScreen.storyboard */ = {
			isa = PBXVariantGroup;
			children = (
				E0E43A0729BDD8F5004FF567 /* Base */,
			);
			name = LaunchScreen.storyboard;
			sourceTree = "<group>";
		};
/* End PBXVariantGroup section */

/* Begin XCBuildConfiguration section */
		E0E43A0A29BDD8F5004FF567 /* Debug */ = {
			isa = XCBuildConfiguration;
			buildSettings = {
				ALWAYS_SEARCH_USER_PATHS = NO;
				CLANG_ANALYZER_NONNULL = YES;
				CLANG_ANALYZER_NUMBER_OBJECT_CONVERSION = YES_AGGRESSIVE;
				CLANG_CXX_LANGUAGE_STANDARD = "gnu++20";
				CLANG_ENABLE_MODULES = YES;
				CLANG_ENABLE_OBJC_ARC = YES;
				CLANG_ENABLE_OBJC_WEAK = YES;
				CLANG_WARN_BLOCK_CAPTURE_AUTORELEASING = YES;
				CLANG_WARN_BOOL_CONVERSION = YES;
				CLANG_WARN_COMMA = YES;
				CLANG_WARN_CONSTANT_CONVERSION = YES;
				CLANG_WARN_DEPRECATED_OBJC_IMPLEMENTATIONS = YES;
				CLANG_WARN_DIRECT_OBJC_ISA_USAGE = YES_ERROR;
				CLANG_WARN_DOCUMENTATION_COMMENTS = YES;
				CLANG_WARN_EMPTY_BODY = YES;
				CLANG_WARN_ENUM_CONVERSION = YES;
				CLANG_WARN_INFINITE_RECURSION = YES;
				CLANG_WARN_INT_CONVERSION = YES;
				CLANG_WARN_NON_LITERAL_NULL_CONVERSION = YES;
				CLANG_WARN_OBJC_IMPLICIT_RETAIN_SELF = YES;
				CLANG_WARN_OBJC_LITERAL_CONVERSION = YES;
				CLANG_WARN_OBJC_ROOT_CLASS = YES_ERROR;
				CLANG_WARN_QUOTED_INCLUDE_IN_FRAMEWORK_HEADER = YES;
				CLANG_WARN_RANGE_LOOP_ANALYSIS = YES;
				CLANG_WARN_STRICT_PROTOTYPES = YES;
				CLANG_WARN_SUSPICIOUS_MOVE = YES;
				CLANG_WARN_UNGUARDED_AVAILABILITY = YES_AGGRESSIVE;
				CLANG_WARN_UNREACHABLE_CODE = YES;
				CLANG_WARN__DUPLICATE_METHOD_MATCH = YES;
				COPY_PHASE_STRIP = NO;
				DEBUG_INFORMATION_FORMAT = dwarf;
				ENABLE_STRICT_OBJC_MSGSEND = YES;
				ENABLE_TESTABILITY = YES;
				GCC_C_LANGUAGE_STANDARD = gnu11;
				GCC_DYNAMIC_NO_PIC = NO;
				GCC_NO_COMMON_BLOCKS = YES;
				GCC_OPTIMIZATION_LEVEL = 0;
				GCC_PREPROCESSOR_DEFINITIONS = (
					"DEBUG=1",
					"$(inherited)",
				);
				GCC_WARN_64_TO_32_BIT_CONVERSION = YES;
				GCC_WARN_ABOUT_RETURN_TYPE = YES_ERROR;
				GCC_WARN_UNDECLARED_SELECTOR = YES;
				GCC_WARN_UNINITIALIZED_AUTOS = YES_AGGRESSIVE;
				GCC_WARN_UNUSED_FUNCTION = YES;
				GCC_WARN_UNUSED_VARIABLE = YES;
				IPHONEOS_DEPLOYMENT_TARGET = 16.2;
				MTL_ENABLE_DEBUG_INFO = INCLUDE_SOURCE;
				MTL_FAST_MATH = YES;
				ONLY_ACTIVE_ARCH = YES;
				SDKROOT = iphoneos;
				SWIFT_ACTIVE_COMPILATION_CONDITIONS = DEBUG;
				SWIFT_OPTIMIZATION_LEVEL = "-Onone";
			};
			name = Debug;
		};
		E0E43A0B29BDD8F5004FF567 /* Release */ = {
			isa = XCBuildConfiguration;
			buildSettings = {
				ALWAYS_SEARCH_USER_PATHS = NO;
				CLANG_ANALYZER_NONNULL = YES;
				CLANG_ANALYZER_NUMBER_OBJECT_CONVERSION = YES_AGGRESSIVE;
				CLANG_CXX_LANGUAGE_STANDARD = "gnu++20";
				CLANG_ENABLE_MODULES = YES;
				CLANG_ENABLE_OBJC_ARC = YES;
				CLANG_ENABLE_OBJC_WEAK = YES;
				CLANG_WARN_BLOCK_CAPTURE_AUTORELEASING = YES;
				CLANG_WARN_BOOL_CONVERSION = YES;
				CLANG_WARN_COMMA = YES;
				CLANG_WARN_CONSTANT_CONVERSION = YES;
				CLANG_WARN_DEPRECATED_OBJC_IMPLEMENTATIONS = YES;
				CLANG_WARN_DIRECT_OBJC_ISA_USAGE = YES_ERROR;
				CLANG_WARN_DOCUMENTATION_COMMENTS = YES;
				CLANG_WARN_EMPTY_BODY = YES;
				CLANG_WARN_ENUM_CONVERSION = YES;
				CLANG_WARN_INFINITE_RECURSION = YES;
				CLANG_WARN_INT_CONVERSION = YES;
				CLANG_WARN_NON_LITERAL_NULL_CONVERSION = YES;
				CLANG_WARN_OBJC_IMPLICIT_RETAIN_SELF = YES;
				CLANG_WARN_OBJC_LITERAL_CONVERSION = YES;
				CLANG_WARN_OBJC_ROOT_CLASS = YES_ERROR;
				CLANG_WARN_QUOTED_INCLUDE_IN_FRAMEWORK_HEADER = YES;
				CLANG_WARN_RANGE_LOOP_ANALYSIS = YES;
				CLANG_WARN_STRICT_PROTOTYPES = YES;
				CLANG_WARN_SUSPICIOUS_MOVE = YES;
				CLANG_WARN_UNGUARDED_AVAILABILITY = YES_AGGRESSIVE;
				CLANG_WARN_UNREACHABLE_CODE = YES;
				CLANG_WARN__DUPLICATE_METHOD_MATCH = YES;
				COPY_PHASE_STRIP = NO;
				DEBUG_INFORMATION_FORMAT = "dwarf-with-dsym";
				ENABLE_NS_ASSERTIONS = NO;
				ENABLE_STRICT_OBJC_MSGSEND = YES;
				GCC_C_LANGUAGE_STANDARD = gnu11;
				GCC_NO_COMMON_BLOCKS = YES;
				GCC_WARN_64_TO_32_BIT_CONVERSION = YES;
				GCC_WARN_ABOUT_RETURN_TYPE = YES_ERROR;
				GCC_WARN_UNDECLARED_SELECTOR = YES;
				GCC_WARN_UNINITIALIZED_AUTOS = YES_AGGRESSIVE;
				GCC_WARN_UNUSED_FUNCTION = YES;
				GCC_WARN_UNUSED_VARIABLE = YES;
				IPHONEOS_DEPLOYMENT_TARGET = 16.2;
				MTL_ENABLE_DEBUG_INFO = NO;
				MTL_FAST_MATH = YES;
				SDKROOT = iphoneos;
				SWIFT_COMPILATION_MODE = wholemodule;
				SWIFT_OPTIMIZATION_LEVEL = "-O";
				VALIDATE_PRODUCT = YES;
			};
			name = Release;
		};
		E0E43A0D29BDD8F5004FF567 /* Debug */ = {
			isa = XCBuildConfiguration;
			buildSettings = {
				ASSETCATALOG_COMPILER_APPICON_NAME = AppIcon;
				ASSETCATALOG_COMPILER_GLOBAL_ACCENT_COLOR_NAME = AccentColor;
				CODE_SIGN_STYLE = Automatic;
				CURRENT_PROJECT_VERSION = 1;
				DEVELOPMENT_TEAM = QBHM4NR7GG;
				GENERATE_INFOPLIST_FILE = YES;
				INFOPLIST_FILE = MoviesApp/Info.plist;
				INFOPLIST_KEY_UIApplicationSupportsIndirectInputEvents = YES;
				INFOPLIST_KEY_UILaunchStoryboardName = LaunchScreen;
				INFOPLIST_KEY_UIMainStoryboardFile = Main;
				INFOPLIST_KEY_UISupportedInterfaceOrientations_iPad = "UIInterfaceOrientationPortrait UIInterfaceOrientationPortraitUpsideDown UIInterfaceOrientationLandscapeLeft UIInterfaceOrientationLandscapeRight";
				INFOPLIST_KEY_UISupportedInterfaceOrientations_iPhone = "UIInterfaceOrientationPortrait UIInterfaceOrientationLandscapeLeft UIInterfaceOrientationLandscapeRight";
				IPHONEOS_DEPLOYMENT_TARGET = 13.0;
				LD_RUNPATH_SEARCH_PATHS = (
					"$(inherited)",
					"@executable_path/Frameworks",
				);
				MARKETING_VERSION = 1.0;
				PRODUCT_BUNDLE_IDENTIFIER = com.Amaal.MoviesApp;
				PRODUCT_NAME = "$(TARGET_NAME)";
				SWIFT_EMIT_LOC_STRINGS = YES;
				SWIFT_VERSION = 5.0;
				TARGETED_DEVICE_FAMILY = "1,2";
			};
			name = Debug;
		};
		E0E43A0E29BDD8F5004FF567 /* Release */ = {
			isa = XCBuildConfiguration;
			buildSettings = {
				ASSETCATALOG_COMPILER_APPICON_NAME = AppIcon;
				ASSETCATALOG_COMPILER_GLOBAL_ACCENT_COLOR_NAME = AccentColor;
				CODE_SIGN_STYLE = Automatic;
				CURRENT_PROJECT_VERSION = 1;
				DEVELOPMENT_TEAM = QBHM4NR7GG;
				GENERATE_INFOPLIST_FILE = YES;
				INFOPLIST_FILE = MoviesApp/Info.plist;
				INFOPLIST_KEY_UIApplicationSupportsIndirectInputEvents = YES;
				INFOPLIST_KEY_UILaunchStoryboardName = LaunchScreen;
				INFOPLIST_KEY_UIMainStoryboardFile = Main;
				INFOPLIST_KEY_UISupportedInterfaceOrientations_iPad = "UIInterfaceOrientationPortrait UIInterfaceOrientationPortraitUpsideDown UIInterfaceOrientationLandscapeLeft UIInterfaceOrientationLandscapeRight";
				INFOPLIST_KEY_UISupportedInterfaceOrientations_iPhone = "UIInterfaceOrientationPortrait UIInterfaceOrientationLandscapeLeft UIInterfaceOrientationLandscapeRight";
				IPHONEOS_DEPLOYMENT_TARGET = 13.0;
				LD_RUNPATH_SEARCH_PATHS = (
					"$(inherited)",
					"@executable_path/Frameworks",
				);
				MARKETING_VERSION = 1.0;
				PRODUCT_BUNDLE_IDENTIFIER = com.Amaal.MoviesApp;
				PRODUCT_NAME = "$(TARGET_NAME)";
				SWIFT_EMIT_LOC_STRINGS = YES;
				SWIFT_VERSION = 5.0;
				TARGETED_DEVICE_FAMILY = "1,2";
			};
			name = Release;
		};
/* End XCBuildConfiguration section */

/* Begin XCConfigurationList section */
		E0E439F329BDD8F4004FF567 /* Build configuration list for PBXProject "MoviesApp" */ = {
			isa = XCConfigurationList;
			buildConfigurations = (
				E0E43A0A29BDD8F5004FF567 /* Debug */,
				E0E43A0B29BDD8F5004FF567 /* Release */,
			);
			defaultConfigurationIsVisible = 0;
			defaultConfigurationName = Release;
		};
		E0E43A0C29BDD8F5004FF567 /* Build configuration list for PBXNativeTarget "MoviesApp" */ = {
			isa = XCConfigurationList;
			buildConfigurations = (
				E0E43A0D29BDD8F5004FF567 /* Debug */,
				E0E43A0E29BDD8F5004FF567 /* Release */,
			);
			defaultConfigurationIsVisible = 0;
			defaultConfigurationName = Release;
		};
/* End XCConfigurationList section */
	};
	rootObject = E0E439F029BDD8F4004FF567 /* Project object */;
}
